
Microsoft Visual Studio Solution File, Format Version 12.00
# Visual Studio Version 16
VisualStudioVersion = 16.0.31729.503
MinimumVisualStudioVersion = 10.0.40219.1
Project("{FAE04EC0-301F-11D3-BF4B-00C04F79EFBC}") = "RiverfrontSandwiches", "RiverfrontSandwiches\RiverfrontSandwiches.csproj", "{197FA963-F53E-411D-907F-8E1A88F27F28}"
EndProject
Global
	GlobalSection(SolutionConfigurationPlatforms) = preSolution
		Debug|Any CPU = Debug|Any CPU
		Release|Any CPU = Release|Any CPU
	EndGlobalSection
	GlobalSection(ProjectConfigurationPlatforms) = postSolution
		{197FA963-F53E-411D-907F-8E1A88F27F28}.Debug|Any CPU.ActiveCfg = Debug|Any CPU
		{197FA963-F53E-411D-907F-8E1A88F27F28}.Debug|Any CPU.Build.0 = Debug|Any CPU
		{197FA963-F53E-411D-907F-8E1A88F27F28}.Release|Any CPU.ActiveCfg = Release|Any CPU
		{197FA963-F53E-411D-907F-8E1A88F27F28}.Release|Any CPU.Build.0 = Release|Any CPU
	EndGlobalSection
	GlobalSection(SolutionProperties) = preSolution
		HideSolutionNode = FALSE
	EndGlobalSection
	GlobalSection(ExtensibilityGlobals) = postSolution
		SolutionGuid = {6A9B5A57-8630-4A39-B676-C878CA5F5679}
	EndGlobalSection
EndGlobal
